
Microsoft Visual Studio Solution File, Format Version 12.00
# Visual Studio Version 17
VisualStudioVersion = 17.6.33723.286
MinimumVisualStudioVersion = 10.0.40219.1
Project("{FAE04EC0-301F-11D3-BF4B-00C04F79EFBC}") = "ModernDesign", "ModernDesign\ModernDesign.csproj", "{9A75C418-065C-40CB-8037-2DF7DE006B7B}"
EndProject
Global
	GlobalSection(SolutionConfigurationPlatforms) = preSolution
		Debug|Any CPU = Debug|Any CPU
		Release|Any CPU = Release|Any CPU
	EndGlobalSection
	GlobalSection(ProjectConfigurationPlatforms) = postSolution
		{9A75C418-065C-40CB-8037-2DF7DE006B7B}.Debug|Any CPU.ActiveCfg = Debug|Any CPU
		{9A75C418-065C-40CB-8037-2DF7DE006B7B}.Debug|Any CPU.Build.0 = Debug|Any CPU
		{9A75C418-065C-40CB-8037-2DF7DE006B7B}.Release|Any CPU.ActiveCfg = Release|Any CPU
		{9A75C418-065C-40CB-8037-2DF7DE006B7B}.Release|Any CPU.Build.0 = Release|Any CPU
	EndGlobalSection
	GlobalSection(SolutionProperties) = preSolution
		HideSolutionNode = FALSE
	EndGlobalSection
	GlobalSection(ExtensibilityGlobals) = postSolution
		SolutionGuid = {2D45CF70-C068-4AB9-A43F-0408F974B442}
	EndGlobalSection
EndGlobal
